
Microsoft Visual Studio Solution File, Format Version 12.00
# Visual Studio Version 16
VisualStudioVersion = 16.0.29926.136
MinimumVisualStudioVersion = 10.0.40219.1
Project("{888888A0-9F3D-457C-B088-3A5042F75D52}") = "B站抽奖", "B站抽奖\B站抽奖.pyproj", "{99917D8F-E071-4612-B6BB-CFA97ECA5F6C}"
EndProject
Global
	GlobalSection(SolutionConfigurationPlatforms) = preSolution
		Debug|Any CPU = Debug|Any CPU
		Release|Any CPU = Release|Any CPU
	EndGlobalSection
	GlobalSection(ProjectConfigurationPlatforms) = postSolution
		{99917D8F-E071-4612-B6BB-CFA97ECA5F6C}.Debug|Any CPU.ActiveCfg = Debug|Any CPU
		{99917D8F-E071-4612-B6BB-CFA97ECA5F6C}.Release|Any CPU.ActiveCfg = Release|Any CPU
	EndGlobalSection
	GlobalSection(SolutionProperties) = preSolution
		HideSolutionNode = FALSE
	EndGlobalSection
	GlobalSection(ExtensibilityGlobals) = postSolution
		SolutionGuid = {C1A8D58D-BD4D-4DBB-8E22-8E44DA023C80}
	EndGlobalSection
EndGlobal
